
Microsoft Visual Studio Solution File, Format Version 12.00
# Visual Studio 15
VisualStudioVersion = 15.0.28010.2016
MinimumVisualStudioVersion = 10.0.40219.1
Project("{FAE04EC0-301F-11D3-BF4B-00C04F79EFBC}") = "AP.WordParser", "AP.WordParser\AP.WordParser.csproj", "{A48C4F65-244F-4F88-A406-E550BD388526}"
EndProject
Project("{FAE04EC0-301F-11D3-BF4B-00C04F79EFBC}") = "AP.WordParser.Lib", "AP.WordParser.Lib\AP.WordParser.Lib.csproj", "{4CB41FF9-6BD1-4F33-BF70-E9FE0C75E1F5}"
EndProject
Project("{FAE04EC0-301F-11D3-BF4B-00C04F79EFBC}") = "AP.WordParser.Gui", "AP.WordParser.Gui\AP.WordParser.Gui.csproj", "{220B6147-4564-42A7-9463-B7CC52DBE313}"
EndProject
Global
	GlobalSection(SolutionConfigurationPlatforms) = preSolution
		Debug|Any CPU = Debug|Any CPU
		Release|Any CPU = Release|Any CPU
	EndGlobalSection
	GlobalSection(ProjectConfigurationPlatforms) = postSolution
		{A48C4F65-244F-4F88-A406-E550BD388526}.Debug|Any CPU.ActiveCfg = Debug|Any CPU
		{A48C4F65-244F-4F88-A406-E550BD388526}.Debug|Any CPU.Build.0 = Debug|Any CPU
		{A48C4F65-244F-4F88-A406-E550BD388526}.Release|Any CPU.ActiveCfg = Release|Any CPU
		{A48C4F65-244F-4F88-A406-E550BD388526}.Release|Any CPU.Build.0 = Release|Any CPU
		{4CB41FF9-6BD1-4F33-BF70-E9FE0C75E1F5}.Debug|Any CPU.ActiveCfg = Debug|Any CPU
		{4CB41FF9-6BD1-4F33-BF70-E9FE0C75E1F5}.Debug|Any CPU.Build.0 = Debug|Any CPU
		{4CB41FF9-6BD1-4F33-BF70-E9FE0C75E1F5}.Release|Any CPU.ActiveCfg = Release|Any CPU
		{4CB41FF9-6BD1-4F33-BF70-E9FE0C75E1F5}.Release|Any CPU.Build.0 = Release|Any CPU
		{220B6147-4564-42A7-9463-B7CC52DBE313}.Debug|Any CPU.ActiveCfg = Debug|Any CPU
		{220B6147-4564-42A7-9463-B7CC52DBE313}.Debug|Any CPU.Build.0 = Debug|Any CPU
		{220B6147-4564-42A7-9463-B7CC52DBE313}.Release|Any CPU.ActiveCfg = Release|Any CPU
		{220B6147-4564-42A7-9463-B7CC52DBE313}.Release|Any CPU.Build.0 = Release|Any CPU
	EndGlobalSection
	GlobalSection(SolutionProperties) = preSolution
		HideSolutionNode = FALSE
	EndGlobalSection
	GlobalSection(ExtensibilityGlobals) = postSolution
		SolutionGuid = {D1E13ED4-2720-4CEE-8BC5-B19BBDE0D843}
	EndGlobalSection
EndGlobal
